
Microsoft Visual Studio Solution File, Format Version 12.00
# Visual Studio Version 17
VisualStudioVersion = 17.4.33205.214
MinimumVisualStudioVersion = 10.0.40219.1
Project("{9A19103F-16F7-4668-BE54-9A1E7A4F7556}") = "WingSharpExtensions", "WingSharpExtensions\WingSharpExtensions.csproj", "{7E6B8AA4-D24F-4864-BFB9-65A3F7A1A0D8}"
EndProject
Project("{FAE04EC0-301F-11D3-BF4B-00C04F79EFBC}") = "WingSharpExtensionsTest", "WingSharpExtensionsTest\WingSharpExtensionsTest.csproj", "{6CDD7C6C-E2C0-4CA0-88F4-19E0242BD0A7}"
EndProject
Global
	GlobalSection(SolutionConfigurationPlatforms) = preSolution
		Debug|Any CPU = Debug|Any CPU
		Release|Any CPU = Release|Any CPU
	EndGlobalSection
	GlobalSection(ProjectConfigurationPlatforms) = postSolution
		{7E6B8AA4-D24F-4864-BFB9-65A3F7A1A0D8}.Debug|Any CPU.ActiveCfg = Debug|Any CPU
		{7E6B8AA4-D24F-4864-BFB9-65A3F7A1A0D8}.Debug|Any CPU.Build.0 = Debug|Any CPU
		{7E6B8AA4-D24F-4864-BFB9-65A3F7A1A0D8}.Release|Any CPU.ActiveCfg = Release|Any CPU
		{7E6B8AA4-D24F-4864-BFB9-65A3F7A1A0D8}.Release|Any CPU.Build.0 = Release|Any CPU
		{6CDD7C6C-E2C0-4CA0-88F4-19E0242BD0A7}.Debug|Any CPU.ActiveCfg = Debug|Any CPU
		{6CDD7C6C-E2C0-4CA0-88F4-19E0242BD0A7}.Debug|Any CPU.Build.0 = Debug|Any CPU
		{6CDD7C6C-E2C0-4CA0-88F4-19E0242BD0A7}.Release|Any CPU.ActiveCfg = Release|Any CPU
		{6CDD7C6C-E2C0-4CA0-88F4-19E0242BD0A7}.Release|Any CPU.Build.0 = Release|Any CPU
	EndGlobalSection
	GlobalSection(SolutionProperties) = preSolution
		HideSolutionNode = FALSE
	EndGlobalSection
	GlobalSection(ExtensibilityGlobals) = postSolution
		SolutionGuid = {FCD8C829-243D-40B6-B2F1-13306F3F0F75}
	EndGlobalSection
EndGlobal
